
Microsoft Visual Studio Solution File, Format Version 12.00
# Visual Studio Version 17
VisualStudioVersion = 17.14.36310.24
MinimumVisualStudioVersion = 10.0.40219.1
Project("{FAE04EC0-301F-11D3-BF4B-00C04F79EFBC}") = "CRUD", "CRUD.csproj", "{C9E63DD0-9754-49DF-87A2-D16314D83BD4}"
EndProject
Project("{2150E333-8FDC-42A3-9474-1A3956D46DE8}") = "Core", "Core", "{02EA681E-C7D8-13C7-8484-4AC65E1B71E8}"
EndProject
Project("{2150E333-8FDC-42A3-9474-1A3956D46DE8}") = "Infrastructure", "Infrastructure", "{EFD56E2C-ED91-413A-9016-CB096BE2767B}"
EndProject
Project("{2150E333-8FDC-42A3-9474-1A3956D46DE8}") = "Presentation", "Presentation", "{D6272654-DD86-46E2-BF1B-4CD4E478D94F}"
EndProject
Project("{FAE04EC0-301F-11D3-BF4B-00C04F79EFBC}") = "CRUD.Core.Domain", "..\CRUD.Core.Domain\CRUD.Core.Domain.csproj", "{36671AD1-C7B2-4759-A1BA-0B5F1ECCCE1F}"
EndProject
Project("{FAE04EC0-301F-11D3-BF4B-00C04F79EFBC}") = "CRUD.Infrastructure.Persistence", "..\CRUD.Infrastructure.Persistence\CRUD.Infrastructure.Persistence.csproj", "{8E308DC0-11E8-4F38-A0B1-A5D655EC3D47}"
EndProject
Project("{FAE04EC0-301F-11D3-BF4B-00C04F79EFBC}") = "CRUD.Core.Application", "..\CRUD.Core.Application\CRUD.Core.Application.csproj", "{E5F376B4-58C4-4F87-9ED8-DD20B5AECC73}"
EndProject
Global
	GlobalSection(SolutionConfigurationPlatforms) = preSolution
		Debug|Any CPU = Debug|Any CPU
		Release|Any CPU = Release|Any CPU
	EndGlobalSection
	GlobalSection(ProjectConfigurationPlatforms) = postSolution
		{C9E63DD0-9754-49DF-87A2-D16314D83BD4}.Debug|Any CPU.ActiveCfg = Debug|Any CPU
		{C9E63DD0-9754-49DF-87A2-D16314D83BD4}.Debug|Any CPU.Build.0 = Debug|Any CPU
		{C9E63DD0-9754-49DF-87A2-D16314D83BD4}.Release|Any CPU.ActiveCfg = Release|Any CPU
		{C9E63DD0-9754-49DF-87A2-D16314D83BD4}.Release|Any CPU.Build.0 = Release|Any CPU
		{36671AD1-C7B2-4759-A1BA-0B5F1ECCCE1F}.Debug|Any CPU.ActiveCfg = Debug|Any CPU
		{36671AD1-C7B2-4759-A1BA-0B5F1ECCCE1F}.Debug|Any CPU.Build.0 = Debug|Any CPU
		{36671AD1-C7B2-4759-A1BA-0B5F1ECCCE1F}.Release|Any CPU.ActiveCfg = Release|Any CPU
		{36671AD1-C7B2-4759-A1BA-0B5F1ECCCE1F}.Release|Any CPU.Build.0 = Release|Any CPU
		{8E308DC0-11E8-4F38-A0B1-A5D655EC3D47}.Debug|Any CPU.ActiveCfg = Debug|Any CPU
		{8E308DC0-11E8-4F38-A0B1-A5D655EC3D47}.Debug|Any CPU.Build.0 = Debug|Any CPU
		{8E308DC0-11E8-4F38-A0B1-A5D655EC3D47}.Release|Any CPU.ActiveCfg = Release|Any CPU
		{8E308DC0-11E8-4F38-A0B1-A5D655EC3D47}.Release|Any CPU.Build.0 = Release|Any CPU
		{E5F376B4-58C4-4F87-9ED8-DD20B5AECC73}.Debug|Any CPU.ActiveCfg = Debug|Any CPU
		{E5F376B4-58C4-4F87-9ED8-DD20B5AECC73}.Debug|Any CPU.Build.0 = Debug|Any CPU
		{E5F376B4-58C4-4F87-9ED8-DD20B5AECC73}.Release|Any CPU.ActiveCfg = Release|Any CPU
		{E5F376B4-58C4-4F87-9ED8-DD20B5AECC73}.Release|Any CPU.Build.0 = Release|Any CPU
	EndGlobalSection
	GlobalSection(SolutionProperties) = preSolution
		HideSolutionNode = FALSE
	EndGlobalSection
	GlobalSection(NestedProjects) = preSolution
		{C9E63DD0-9754-49DF-87A2-D16314D83BD4} = {D6272654-DD86-46E2-BF1B-4CD4E478D94F}
		{36671AD1-C7B2-4759-A1BA-0B5F1ECCCE1F} = {02EA681E-C7D8-13C7-8484-4AC65E1B71E8}
		{8E308DC0-11E8-4F38-A0B1-A5D655EC3D47} = {EFD56E2C-ED91-413A-9016-CB096BE2767B}
		{E5F376B4-58C4-4F87-9ED8-DD20B5AECC73} = {02EA681E-C7D8-13C7-8484-4AC65E1B71E8}
	EndGlobalSection
	GlobalSection(ExtensibilityGlobals) = postSolution
		SolutionGuid = {F6A144AA-EA5A-4A65-8853-0D1B167FFA3F}
	EndGlobalSection
EndGlobal
